
Microsoft Visual Studio Solution File, Format Version 12.00
# Visual Studio Version 17
VisualStudioVersion = 17.6.33815.320
MinimumVisualStudioVersion = 10.0.40219.1
Project("{FAE04EC0-301F-11D3-BF4B-00C04F79EFBC}") = "NPrimos.UX", "NPrimos.UX\NPrimos.UX.csproj", "{9A6B1E5C-27B9-4417-8A06-49385A7F68E5}"
EndProject
Project("{FAE04EC0-301F-11D3-BF4B-00C04F79EFBC}") = "NPrimos.Logic", "NPrimos.Logic\NPrimos.Logic.csproj", "{94A640D3-D1AF-49D0-84FD-2CA34ACCAF10}"
EndProject
Global
	GlobalSection(SolutionConfigurationPlatforms) = preSolution
		Debug|Any CPU = Debug|Any CPU
		Release|Any CPU = Release|Any CPU
	EndGlobalSection
	GlobalSection(ProjectConfigurationPlatforms) = postSolution
		{9A6B1E5C-27B9-4417-8A06-49385A7F68E5}.Debug|Any CPU.ActiveCfg = Debug|Any CPU
		{9A6B1E5C-27B9-4417-8A06-49385A7F68E5}.Debug|Any CPU.Build.0 = Debug|Any CPU
		{9A6B1E5C-27B9-4417-8A06-49385A7F68E5}.Release|Any CPU.ActiveCfg = Release|Any CPU
		{9A6B1E5C-27B9-4417-8A06-49385A7F68E5}.Release|Any CPU.Build.0 = Release|Any CPU
		{94A640D3-D1AF-49D0-84FD-2CA34ACCAF10}.Debug|Any CPU.ActiveCfg = Debug|Any CPU
		{94A640D3-D1AF-49D0-84FD-2CA34ACCAF10}.Debug|Any CPU.Build.0 = Debug|Any CPU
		{94A640D3-D1AF-49D0-84FD-2CA34ACCAF10}.Release|Any CPU.ActiveCfg = Release|Any CPU
		{94A640D3-D1AF-49D0-84FD-2CA34ACCAF10}.Release|Any CPU.Build.0 = Release|Any CPU
	EndGlobalSection
	GlobalSection(SolutionProperties) = preSolution
		HideSolutionNode = FALSE
	EndGlobalSection
	GlobalSection(ExtensibilityGlobals) = postSolution
		SolutionGuid = {781AA6AE-BAB3-4222-AFB9-0BD0647E867E}
	EndGlobalSection
EndGlobal
